// !$*UTF8*$!
{
	archiveVersion = 1;
	classes = {
	};
	objectVersion = 48;
	objects = {

/* Begin PBXBuildFile section */
		972F6262200023D20028F9D9 /* AppDelegate.swift in Sources */ = {isa = PBXBuildFile; fileRef = 972F6261200023D20028F9D9 /* AppDelegate.swift */; };
		972F6264200023D20028F9D9 /* ViewController.swift in Sources */ = {isa = PBXBuildFile; fileRef = 972F6263200023D20028F9D9 /* ViewController.swift */; };
		972F6267200023D20028F9D9 /* Main.storyboard in Resources */ = {isa = PBXBuildFile; fileRef = 972F6265200023D20028F9D9 /* Main.storyboard */; };
		972F6269200023D20028F9D9 /* Assets.xcassets in Resources */ = {isa = PBXBuildFile; fileRef = 972F6268200023D20028F9D9 /* Assets.xcassets */; };
		972F626C200023D20028F9D9 /* LaunchScreen.storyboard in Resources */ = {isa = PBXBuildFile; fileRef = 972F626A200023D20028F9D9 /* LaunchScreen.storyboard */; };
		972F6276200025250028F9D9 /* NetworkExtension.framework in Frameworks */ = {isa = PBXBuildFile; fileRef = 972F6275200025250028F9D9 /* NetworkExtension.framework */; };
/* End PBXBuildFile section */

/* Begin PBXFileReference section */
		972F625E200023D20028F9D9 /* WiFiConfig.app */ = {isa = PBXFileReference; explicitFileType = wrapper.application; includeInIndex = 0; path = WiFiConfig.app; sourceTree = BUILT_PRODUCTS_DIR; };
		972F6261200023D20028F9D9 /* AppDelegate.swift */ = {isa = PBXFileReference; lastKnownFileType = sourcecode.swift; path = AppDelegate.swift; sourceTree = "<group>"; };
		972F6263200023D20028F9D9 /* ViewController.swift */ = {isa = PBXFileReference; lastKnownFileType = sourcecode.swift; path = ViewController.swift; sourceTree = "<group>"; };
		972F6266200023D20028F9D9 /* Base */ = {isa = PBXFileReference; lastKnownFileType = file.storyboard; name = Base; path = Base.lproj/Main.storyboard; sourceTree = "<group>"; };
		972F6268200023D20028F9D9 /* Assets.xcassets */ = {isa = PBXFileReference; lastKnownFileType = folder.assetcatalog; path = Assets.xcassets; sourceTree = "<group>"; };
		972F626B200023D20028F9D9 /* Base */ = {isa = PBXFileReference; lastKnownFileType = file.storyboard; name = Base; path = Base.lproj/LaunchScreen.storyboard; sourceTree = "<group>"; };
		972F626D200023D20028F9D9 /* Info.plist */ = {isa = PBXFileReference; lastKnownFileType = text.plist.xml; path = Info.plist; sourceTree = "<group>"; };
		972F6273200025250028F9D9 /* WiFiConfig.entitlements */ = {isa = PBXFileReference; lastKnownFileType = text.plist.entitlements; path = WiFiConfig.entitlements; sourceTree = "<group>"; };
		972F6275200025250028F9D9 /* NetworkExtension.framework */ = {isa = PBXFileReference; lastKnownFileType = wrapper.framework; name = NetworkExtension.framework; path = System/Library/Frameworks/NetworkExtension.framework; sourceTree = SDKROOT; };
/* End PBXFileReference section */

/* Begin PBXFrameworksBuildPhase section */
		972F625B200023D20028F9D9 /* Frameworks */ = {
			isa = PBXFrameworksBuildPhase;
			buildActionMask = 2147483647;
			files = (
				972F6276200025250028F9D9 /* NetworkExtension.framework in Frameworks */,
			);
			runOnlyForDeploymentPostprocessing = 0;
		};
/* End PBXFrameworksBuildPhase section */

/* Begin PBXGroup section */
		972F6255200023D20028F9D9 = {
			isa = PBXGroup;
			children = (
				972F6260200023D20028F9D9 /* WiFiConfig */,
				972F625F200023D20028F9D9 /* Products */,
				972F6274200025250028F9D9 /* Frameworks */,
			);
			sourceTree = "<group>";
		};
		972F625F200023D20028F9D9 /* Products */ = {
			isa = PBXGroup;
			children = (
				972F625E200023D20028F9D9 /* WiFiConfig.app */,
			);
			name = Products;
			sourceTree = "<group>";
		};
		972F6260200023D20028F9D9 /* WiFiConfig */ = {
			isa = PBXGroup;
			children = (
				972F6273200025250028F9D9 /* WiFiConfig.entitlements */,
				972F6261200023D20028F9D9 /* AppDelegate.swift */,
				972F6263200023D20028F9D9 /* ViewController.swift */,
				972F6265200023D20028F9D9 /* Main.storyboard */,
				972F6268200023D20028F9D9 /* Assets.xcassets */,
				972F626A200023D20028F9D9 /* LaunchScreen.storyboard */,
				972F626D200023D20028F9D9 /* Info.plist */,
			);
			path = WiFiConfig;
			sourceTree = "<group>";
		};
		972F6274200025250028F9D9 /* Frameworks */ = {
			isa = PBXGroup;
			children = (
				972F6275200025250028F9D9 /* NetworkExtension.framework */,
			);
			name = Frameworks;
			sourceTree = "<group>";
		};
/* End PBXGroup section */

/* Begin PBXNativeTarget section */
		972F625D200023D20028F9D9 /* WiFiConfig */ = {
			isa = PBXNativeTarget;
			buildConfigurationList = 972F6270200023D20028F9D9 /* Build configuration list for PBXNativeTarget "WiFiConfig" */;
			buildPhases = (
				972F625A200023D20028F9D9 /* Sources */,
				972F625B200023D20028F9D9 /* Frameworks */,
				972F625C200023D20028F9D9 /* Resources */,
			);
			buildRules = (
			);
			dependencies = (
			);
			name = WiFiConfig;
			productName = WiFiConfig;
			productReference = 972F625E200023D20028F9D9 /* WiFiConfig.app */;
			productType = "com.apple.product-type.application";
		};
/* End PBXNativeTarget section */

/* Begin PBXProject section */
		972F6256200023D20028F9D9 /* Project object */ = {
			isa = PBXProject;
			attributes = {
				LastSwiftUpdateCheck = 0920;
				LastUpgradeCheck = 0920;
				ORGANIZATIONNAME = "Patrick Maltagliati";
				TargetAttributes = {
					972F625D200023D20028F9D9 = {
						CreatedOnToolsVersion = 9.2;
						ProvisioningStyle = Automatic;
						SystemCapabilities = {
							com.apple.HotspotConfiguration = {
								enabled = 1;
							};
						};
					};
				};
			};
			buildConfigurationList = 972F6259200023D20028F9D9 /* Build configuration list for PBXProject "WiFiConfig" */;
			compatibilityVersion = "Xcode 8.0";
			developmentRegion = en;
			hasScannedForEncodings = 0;
			knownRegions = (
				en,
				Base,
			);
			mainGroup = 972F6255200023D20028F9D9;
			productRefGroup = 972F625F200023D20028F9D9 /* Products */;
			projectDirPath = "";
			projectRoot = "";
			targets = (
				972F625D200023D20028F9D9 /* WiFiConfig */,
			);
		};
/* End PBXProject section */

/* Begin PBXResourcesBuildPhase section */
		972F625C200023D20028F9D9 /* Resources */ = {
			isa = PBXResourcesBuildPhase;
			buildActionMask = 2147483647;
			files = (
				972F626C200023D20028F9D9 /* LaunchScreen.storyboard in Resources */,
				972F6269200023D20028F9D9 /* Assets.xcassets in Resources */,
				972F6267200023D20028F9D9 /* Main.storyboard in Resources */,
			);
			runOnlyForDeploymentPostprocessing = 0;
		};
/* End PBXResourcesBuildPhase section */

/* Begin PBXSourcesBuildPhase section */
		972F625A200023D20028F9D9 /* Sources */ = {
			isa = PBXSourcesBuildPhase;
			buildActionMask = 2147483647;
			files = (
				972F6264200023D20028F9D9 /* ViewController.swift in Sources */,
				972F6262200023D20028F9D9 /* AppDelegate.swift in Sources */,
			);
			runOnlyForDeploymentPostprocessing = 0;
		};
/* End PBXSourcesBuildPhase section */

/* Begin PBXVariantGroup section */
		972F6265200023D20028F9D9 /* Main.storyboard */ = {
			isa = PBXVariantGroup;
			children = (
				972F6266200023D20028F9D9 /* Base */,
			);
			name = Main.storyboard;
			sourceTree = "<group>";
		};
		972F626A200023D20028F9D9 /* LaunchScreen.storyboard */ = {
			isa = PBXVariantGroup;
			children = (
				972F626B200023D20028F9D9 /* Base */,
			);
			name = LaunchScreen.storyboard;
			sourceTree = "<group>";
		};
/* End PBXVariantGroup section */

/* Begin XCBuildConfiguration section */
		972F626E200023D20028F9D9 /* Debug */ = {
			isa = XCBuildConfiguration;
			buildSettings = {
				ALWAYS_SEARCH_USER_PATHS = NO;
				CLANG_ANALYZER_NONNULL = YES;
				CLANG_ANALYZER_NUMBER_OBJECT_CONVERSION = YES_AGGRESSIVE;
				CLANG_CXX_LANGUAGE_STANDARD = "gnu++14";
				CLANG_CXX_LIBRARY = "libc++";
				CLANG_ENABLE_MODULES = YES;
				CLANG_ENABLE_OBJC_ARC = YES;
				CLANG_WARN_BLOCK_CAPTURE_AUTORELEASING = YES;
				CLANG_WARN_BOOL_CONVERSION = YES;
				CLANG_WARN_COMMA = YES;
				CLANG_WARN_CONSTANT_CONVERSION = YES;
				CLANG_WARN_DIRECT_OBJC_ISA_USAGE = YES_ERROR;
				CLANG_WARN_DOCUMENTATION_COMMENTS = YES;
				CLANG_WARN_EMPTY_BODY = YES;
				CLANG_WARN_ENUM_CONVERSION = YES;
				CLANG_WARN_INFINITE_RECURSION = YES;
				CLANG_WARN_INT_CONVERSION = YES;
				CLANG_WARN_NON_LITERAL_NULL_CONVERSION = YES;
				CLANG_WARN_OBJC_LITERAL_CONVERSION = YES;
				CLANG_WARN_OBJC_ROOT_CLASS = YES_ERROR;
				CLANG_WARN_RANGE_LOOP_ANALYSIS = YES;
				CLANG_WARN_STRICT_PROTOTYPES = YES;
				CLANG_WARN_SUSPICIOUS_MOVE = YES;
				CLANG_WARN_UNGUARDED_AVAILABILITY = YES_AGGRESSIVE;
				CLANG_WARN_UNREACHABLE_CODE = YES;
				CLANG_WARN__DUPLICATE_METHOD_MATCH = YES;
				CODE_SIGN_IDENTITY = "iPhone Developer";
				COPY_PHASE_STRIP = NO;
				DEBUG_INFORMATION_FORMAT = dwarf;
				ENABLE_STRICT_OBJC_MSGSEND = YES;
				ENABLE_TESTABILITY = YES;
				GCC_C_LANGUAGE_STANDARD = gnu11;
				GCC_DYNAMIC_NO_PIC = NO;
				GCC_NO_COMMON_BLOCKS = YES;
				GCC_OPTIMIZATION_LEVEL = 0;
				GCC_PREPROCESSOR_DEFINITIONS = (
					"DEBUG=1",
					"$(inherited)",
				);
				GCC_WARN_64_TO_32_BIT_CONVERSION = YES;
				GCC_WARN_ABOUT_RETURN_TYPE = YES_ERROR;
				GCC_WARN_UNDECLARED_SELECTOR = YES;
				GCC_WARN_UNINITIALIZED_AUTOS = YES_AGGRESSIVE;
				GCC_WARN_UNUSED_FUNCTION = YES;
				GCC_WARN_UNUSED_VARIABLE = YES;
				IPHONEOS_DEPLOYMENT_TARGET = 11.2;
				MTL_ENABLE_DEBUG_INFO = YES;
				ONLY_ACTIVE_ARCH = YES;
				SDKROOT = iphoneos;
				SWIFT_ACTIVE_COMPILATION_CONDITIONS = DEBUG;
				SWIFT_OPTIMIZATION_LEVEL = "-Onone";
			};
			name = Debug;
		};
		972F626F200023D20028F9D9 /* Release */ = {
			isa = XCBuildConfiguration;
			buildSettings = {
				ALWAYS_SEARCH_USER_PATHS = NO;
				CLANG_ANALYZER_NONNULL = YES;
				CLANG_ANALYZER_NUMBER_OBJECT_CONVERSION = YES_AGGRESSIVE;
				CLANG_CXX_LANGUAGE_STANDARD = "gnu++14";
				CLANG_CXX_LIBRARY = "libc++";
				CLANG_ENABLE_MODULES = YES;
				CLANG_ENABLE_OBJC_ARC = YES;
				CLANG_WARN_BLOCK_CAPTURE_AUTORELEASING = YES;
				CLANG_WARN_BOOL_CONVERSION = YES;
				CLANG_WARN_COMMA = YES;
				CLANG_WARN_CONSTANT_CONVERSION = YES;
				CLANG_WARN_DIRECT_OBJC_ISA_USAGE = YES_ERROR;
				CLANG_WARN_DOCUMENTATION_COMMENTS = YES;
				CLANG_WARN_EMPTY_BODY = YES;
				CLANG_WARN_ENUM_CONVERSION = YES;
				CLANG_WARN_INFINITE_RECURSION = YES;
				CLANG_WARN_INT_CONVERSION = YES;
				CLANG_WARN_NON_LITERAL_NULL_CONVERSION = YES;
				CLANG_WARN_OBJC_LITERAL_CONVERSION = YES;
				CLANG_WARN_OBJC_ROOT_CLASS = YES_ERROR;
				CLANG_WARN_RANGE_LOOP_ANALYSIS = YES;
				CLANG_WARN_STRICT_PROTOTYPES = YES;
				CLANG_WARN_SUSPICIOUS_MOVE = YES;
				CLANG_WARN_UNGUARDED_AVAILABILITY = YES_AGGRESSIVE;
				CLANG_WARN_UNREACHABLE_CODE = YES;
				CLANG_WARN__DUPLICATE_METHOD_MATCH = YES;
				CODE_SIGN_IDENTITY = "iPhone Developer";
				COPY_PHASE_STRIP = NO;
				DEBUG_INFORMATION_FORMAT = "dwarf-with-dsym";
				ENABLE_NS_ASSERTIONS = NO;
				ENABLE_STRICT_OBJC_MSGSEND = YES;
				GCC_C_LANGUAGE_STANDARD = gnu11;
				GCC_NO_COMMON_BLOCKS = YES;
				GCC_WARN_64_TO_32_BIT_CONVERSION = YES;
				GCC_WARN_ABOUT_RETURN_TYPE = YES_ERROR;
				GCC_WARN_UNDECLARED_SELECTOR = YES;
				GCC_WARN_UNINITIALIZED_AUTOS = YES_AGGRESSIVE;
				GCC_WARN_UNUSED_FUNCTION = YES;
				GCC_WARN_UNUSED_VARIABLE = YES;
				IPHONEOS_DEPLOYMENT_TARGET = 11.2;
				MTL_ENABLE_DEBUG_INFO = NO;
				SDKROOT = iphoneos;
				SWIFT_OPTIMIZATION_LEVEL = "-Owholemodule";
				VALIDATE_PRODUCT = YES;
			};
			name = Release;
		};
		972F6271200023D20028F9D9 /* Debug */ = {
			isa = XCBuildConfiguration;
			buildSettings = {
				ASSETCATALOG_COMPILER_APPICON_NAME = AppIcon;
				CODE_SIGN_ENTITLEMENTS = WiFiConfig/WiFiConfig.entitlements;
				CODE_SIGN_STYLE = Automatic;
				DEVELOPMENT_TEAM = 438VZ6GLSU;
				INFOPLIST_FILE = WiFiConfig/Info.plist;
				IPHONEOS_DEPLOYMENT_TARGET = 10.0;
				LD_RUNPATH_SEARCH_PATHS = "$(inherited) @executable_path/Frameworks";
				PRODUCT_BUNDLE_IDENTIFIER = asynchrony.WiFiConfig;
				PRODUCT_NAME = "$(TARGET_NAME)";
				SWIFT_VERSION = 4.0;
				TARGETED_DEVICE_FAMILY = "1,2";
			};
			name = Debug;
		};
		972F6272200023D20028F9D9 /* Release */ = {
			isa = XCBuildConfiguration;
			buildSettings = {
				ASSETCATALOG_COMPILER_APPICON_NAME = AppIcon;
				CODE_SIGN_ENTITLEMENTS = WiFiConfig/WiFiConfig.entitlements;
				CODE_SIGN_STYLE = Automatic;
				DEVELOPMENT_TEAM = 438VZ6GLSU;
				INFOPLIST_FILE = WiFiConfig/Info.plist;
				IPHONEOS_DEPLOYMENT_TARGET = 10.0;
				LD_RUNPATH_SEARCH_PATHS = "$(inherited) @executable_path/Frameworks";
				PRODUCT_BUNDLE_IDENTIFIER = asynchrony.WiFiConfig;
				PRODUCT_NAME = "$(TARGET_NAME)";
				SWIFT_VERSION = 4.0;
				TARGETED_DEVICE_FAMILY = "1,2";
			};
			name = Release;
		};
/* End XCBuildConfiguration section */

/* Begin XCConfigurationList section */
		972F6259200023D20028F9D9 /* Build configuration list for PBXProject "WiFiConfig" */ = {
			isa = XCConfigurationList;
			buildConfigurations = (
				972F626E200023D20028F9D9 /* Debug */,
				972F626F200023D20028F9D9 /* Release */,
			);
			defaultConfigurationIsVisible = 0;
			defaultConfigurationName = Release;
		};
		972F6270200023D20028F9D9 /* Build configuration list for PBXNativeTarget "WiFiConfig" */ = {
			isa = XCConfigurationList;
			buildConfigurations = (
				972F6271200023D20028F9D9 /* Debug */,
				972F6272200023D20028F9D9 /* Release */,
			);
			defaultConfigurationIsVisible = 0;
			defaultConfigurationName = Release;
		};
/* End XCConfigurationList section */
	};
	rootObject = 972F6256200023D20028F9D9 /* Project object */;
}
